
Microsoft Visual Studio Solution File, Format Version 12.00
# Visual Studio Version 16
VisualStudioVersion = 16.0.31911.196
MinimumVisualStudioVersion = 10.0.40219.1
Project("{FAE04EC0-301F-11D3-BF4B-00C04F79EFBC}") = "FilasEmCsharp", "FilasEmCsharp\FilasEmCsharp.csproj", "{0C4C4A7A-1B64-4D07-85CF-DE8A5A8F7AFD}"
EndProject
Global
	GlobalSection(SolutionConfigurationPlatforms) = preSolution
		Debug|Any CPU = Debug|Any CPU
		Release|Any CPU = Release|Any CPU
	EndGlobalSection
	GlobalSection(ProjectConfigurationPlatforms) = postSolution
		{0C4C4A7A-1B64-4D07-85CF-DE8A5A8F7AFD}.Debug|Any CPU.ActiveCfg = Debug|Any CPU
		{0C4C4A7A-1B64-4D07-85CF-DE8A5A8F7AFD}.Debug|Any CPU.Build.0 = Debug|Any CPU
		{0C4C4A7A-1B64-4D07-85CF-DE8A5A8F7AFD}.Release|Any CPU.ActiveCfg = Release|Any CPU
		{0C4C4A7A-1B64-4D07-85CF-DE8A5A8F7AFD}.Release|Any CPU.Build.0 = Release|Any CPU
	EndGlobalSection
	GlobalSection(SolutionProperties) = preSolution
		HideSolutionNode = FALSE
	EndGlobalSection
	GlobalSection(ExtensibilityGlobals) = postSolution
		SolutionGuid = {BE13FADD-F3B7-47D4-9BDF-CAAA154866F3}
	EndGlobalSection
EndGlobal
